
Microsoft Visual Studio Solution File, Format Version 12.00
# Visual Studio Version 16
VisualStudioVersion = 16.0.29326.143
MinimumVisualStudioVersion = 10.0.40219.1
Project("{9A19103F-16F7-4668-BE54-9A1E7A4F7556}") = "VueApp", "VueApp.csproj", "{5CEE7CC7-CE8D-404A-9AD1-578D9EB37838}"
EndProject
Global
	GlobalSection(SolutionConfigurationPlatforms) = preSolution
		Debug|Any CPU = Debug|Any CPU
		Release|Any CPU = Release|Any CPU
	EndGlobalSection
	GlobalSection(ProjectConfigurationPlatforms) = postSolution
		{5CEE7CC7-CE8D-404A-9AD1-578D9EB37838}.Debug|Any CPU.ActiveCfg = Debug|Any CPU
		{5CEE7CC7-CE8D-404A-9AD1-578D9EB37838}.Debug|Any CPU.Build.0 = Debug|Any CPU
		{5CEE7CC7-CE8D-404A-9AD1-578D9EB37838}.Release|Any CPU.ActiveCfg = Release|Any CPU
		{5CEE7CC7-CE8D-404A-9AD1-578D9EB37838}.Release|Any CPU.Build.0 = Release|Any CPU
	EndGlobalSection
	GlobalSection(SolutionProperties) = preSolution
		HideSolutionNode = FALSE
	EndGlobalSection
	GlobalSection(ExtensibilityGlobals) = postSolution
		SolutionGuid = {45C4C086-4233-40F0-A8CA-4BDF92F0F5D0}
	EndGlobalSection
EndGlobal
