
Microsoft Visual Studio Solution File, Format Version 12.00
# Visual Studio Version 16
VisualStudioVersion = 16.0.29306.81
MinimumVisualStudioVersion = 10.0.40219.1
Project("{FAE04EC0-301F-11D3-BF4B-00C04F79EFBC}") = "myMLApp", "myMLApp\myMLApp.csproj", "{A718C272-30DC-4F64-B3FD-D2F21B25BEFE}"
EndProject
Project("{9A19103F-16F7-4668-BE54-9A1E7A4F7556}") = "myMLAppML.Model", "myMLAppML.Model\myMLAppML.Model.csproj", "{262ED354-E8F5-4B40-8526-0DC4CC44205A}"
EndProject
Project("{9A19103F-16F7-4668-BE54-9A1E7A4F7556}") = "myMLAppML.ConsoleApp", "myMLAppML.ConsoleApp\myMLAppML.ConsoleApp.csproj", "{AC70FF59-4EA4-435C-A917-07B17CCD6911}"
EndProject
Global
	GlobalSection(SolutionConfigurationPlatforms) = preSolution
		Debug|Any CPU = Debug|Any CPU
		Release|Any CPU = Release|Any CPU
	EndGlobalSection
	GlobalSection(ProjectConfigurationPlatforms) = postSolution
		{A718C272-30DC-4F64-B3FD-D2F21B25BEFE}.Debug|Any CPU.ActiveCfg = Debug|Any CPU
		{A718C272-30DC-4F64-B3FD-D2F21B25BEFE}.Debug|Any CPU.Build.0 = Debug|Any CPU
		{A718C272-30DC-4F64-B3FD-D2F21B25BEFE}.Release|Any CPU.ActiveCfg = Release|Any CPU
		{A718C272-30DC-4F64-B3FD-D2F21B25BEFE}.Release|Any CPU.Build.0 = Release|Any CPU
		{262ED354-E8F5-4B40-8526-0DC4CC44205A}.Debug|Any CPU.ActiveCfg = Debug|Any CPU
		{262ED354-E8F5-4B40-8526-0DC4CC44205A}.Debug|Any CPU.Build.0 = Debug|Any CPU
		{262ED354-E8F5-4B40-8526-0DC4CC44205A}.Release|Any CPU.ActiveCfg = Release|Any CPU
		{262ED354-E8F5-4B40-8526-0DC4CC44205A}.Release|Any CPU.Build.0 = Release|Any CPU
		{AC70FF59-4EA4-435C-A917-07B17CCD6911}.Debug|Any CPU.ActiveCfg = Debug|Any CPU
		{AC70FF59-4EA4-435C-A917-07B17CCD6911}.Debug|Any CPU.Build.0 = Debug|Any CPU
		{AC70FF59-4EA4-435C-A917-07B17CCD6911}.Release|Any CPU.ActiveCfg = Release|Any CPU
		{AC70FF59-4EA4-435C-A917-07B17CCD6911}.Release|Any CPU.Build.0 = Release|Any CPU
	EndGlobalSection
	GlobalSection(SolutionProperties) = preSolution
		HideSolutionNode = FALSE
	EndGlobalSection
	GlobalSection(ExtensibilityGlobals) = postSolution
		SolutionGuid = {8EA1AC24-2698-463E-AB72-A233292D1824}
	EndGlobalSection
EndGlobal
