
Microsoft Visual Studio Solution File, Format Version 12.00
# Visual Studio Version 16
VisualStudioVersion = 16.0.29519.181
MinimumVisualStudioVersion = 10.0.40219.1
Project("{FAE04EC0-301F-11D3-BF4B-00C04F79EFBC}") = "SyncfusionBlazorApp", "SyncfusionBlazorApp\SyncfusionBlazorApp.csproj", "{04E5E890-8682-4A9F-A551-B91DC9F58F98}"
EndProject
Global
	GlobalSection(SolutionConfigurationPlatforms) = preSolution
		Debug|Any CPU = Debug|Any CPU
		Release|Any CPU = Release|Any CPU
	EndGlobalSection
	GlobalSection(ProjectConfigurationPlatforms) = postSolution
		{04E5E890-8682-4A9F-A551-B91DC9F58F98}.Debug|Any CPU.ActiveCfg = Debug|Any CPU
		{04E5E890-8682-4A9F-A551-B91DC9F58F98}.Debug|Any CPU.Build.0 = Debug|Any CPU
		{04E5E890-8682-4A9F-A551-B91DC9F58F98}.Release|Any CPU.ActiveCfg = Release|Any CPU
		{04E5E890-8682-4A9F-A551-B91DC9F58F98}.Release|Any CPU.Build.0 = Release|Any CPU
	EndGlobalSection
	GlobalSection(SolutionProperties) = preSolution
		HideSolutionNode = FALSE
	EndGlobalSection
	GlobalSection(ExtensibilityGlobals) = postSolution
		SolutionGuid = {8C784AA0-B4B9-41C6-B913-65D5FDCC04A9}
	EndGlobalSection
EndGlobal
