
Microsoft Visual Studio Solution File, Format Version 12.00
# Visual Studio Version 16
VisualStudioVersion = 16.0.29503.13
MinimumVisualStudioVersion = 10.0.40219.1
Project("{FAE04EC0-301F-11D3-BF4B-00C04F79EFBC}") = "SqliteConsoleApp", "SqliteConsoleApp.csproj", "{DBFBB431-9815-4C67-8E33-1E06672324DD}"
EndProject
Global
	GlobalSection(SolutionConfigurationPlatforms) = preSolution
		Debug|Any CPU = Debug|Any CPU
		Release|Any CPU = Release|Any CPU
	EndGlobalSection
	GlobalSection(ProjectConfigurationPlatforms) = postSolution
		{DBFBB431-9815-4C67-8E33-1E06672324DD}.Debug|Any CPU.ActiveCfg = Debug|Any CPU
		{DBFBB431-9815-4C67-8E33-1E06672324DD}.Debug|Any CPU.Build.0 = Debug|Any CPU
		{DBFBB431-9815-4C67-8E33-1E06672324DD}.Release|Any CPU.ActiveCfg = Release|Any CPU
		{DBFBB431-9815-4C67-8E33-1E06672324DD}.Release|Any CPU.Build.0 = Release|Any CPU
	EndGlobalSection
	GlobalSection(SolutionProperties) = preSolution
		HideSolutionNode = FALSE
	EndGlobalSection
	GlobalSection(ExtensibilityGlobals) = postSolution
		SolutionGuid = {CD5D0B5C-FB2C-4F2E-A413-38D191F55598}
	EndGlobalSection
EndGlobal
